
Microsoft Visual Studio Solution File, Format Version 12.00
# Visual Studio Version 17
VisualStudioVersion = 17.0.31903.59
MinimumVisualStudioVersion = 10.0.40219.1
Project("{FAE04EC0-301F-11D3-BF4B-00C04F79EFBC}") = "PMardouski.GitHubActions", "PMardouski.GitHubActions\PMardouski.GitHubActions.csproj", "{0D514441-7293-41AD-AE2E-EC1572FF0972}"
EndProject
Project("{FAE04EC0-301F-11D3-BF4B-00C04F79EFBC}") = "PMardouski.GitHubActions.Tests", "PMardouski.GitHubActions.Tests\PMardouski.GitHubActions.Tests.csproj", "{7C6A67E7-4F7B-4824-B2DF-3C2EEC4A783A}"
EndProject
Global
	GlobalSection(SolutionConfigurationPlatforms) = preSolution
		Debug|Any CPU = Debug|Any CPU
		Release|Any CPU = Release|Any CPU
	EndGlobalSection
	GlobalSection(SolutionProperties) = preSolution
		HideSolutionNode = FALSE
	EndGlobalSection
	GlobalSection(ProjectConfigurationPlatforms) = postSolution
		{0D514441-7293-41AD-AE2E-EC1572FF0972}.Debug|Any CPU.ActiveCfg = Debug|Any CPU
		{0D514441-7293-41AD-AE2E-EC1572FF0972}.Debug|Any CPU.Build.0 = Debug|Any CPU
		{0D514441-7293-41AD-AE2E-EC1572FF0972}.Release|Any CPU.ActiveCfg = Release|Any CPU
		{0D514441-7293-41AD-AE2E-EC1572FF0972}.Release|Any CPU.Build.0 = Release|Any CPU
		{7C6A67E7-4F7B-4824-B2DF-3C2EEC4A783A}.Debug|Any CPU.ActiveCfg = Debug|Any CPU
		{7C6A67E7-4F7B-4824-B2DF-3C2EEC4A783A}.Debug|Any CPU.Build.0 = Debug|Any CPU
		{7C6A67E7-4F7B-4824-B2DF-3C2EEC4A783A}.Release|Any CPU.ActiveCfg = Release|Any CPU
		{7C6A67E7-4F7B-4824-B2DF-3C2EEC4A783A}.Release|Any CPU.Build.0 = Release|Any CPU
	EndGlobalSection
EndGlobal
